
Microsoft Visual Studio Solution File, Format Version 12.00
# Visual Studio Version 16
VisualStudioVersion = 16.0.32106.194
MinimumVisualStudioVersion = 10.0.40219.1
Project("{FAE04EC0-301F-11D3-BF4B-00C04F79EFBC}") = "Arkopa_Web", "Arkopa_Web\Arkopa_Web.csproj", "{29C36D7F-085F-4D1E-A767-9EB1492D10D3}"
EndProject
Global
	GlobalSection(SolutionConfigurationPlatforms) = preSolution
		Debug|Any CPU = Debug|Any CPU
		Release|Any CPU = Release|Any CPU
	EndGlobalSection
	GlobalSection(ProjectConfigurationPlatforms) = postSolution
		{29C36D7F-085F-4D1E-A767-9EB1492D10D3}.Debug|Any CPU.ActiveCfg = Debug|Any CPU
		{29C36D7F-085F-4D1E-A767-9EB1492D10D3}.Debug|Any CPU.Build.0 = Debug|Any CPU
		{29C36D7F-085F-4D1E-A767-9EB1492D10D3}.Release|Any CPU.ActiveCfg = Release|Any CPU
		{29C36D7F-085F-4D1E-A767-9EB1492D10D3}.Release|Any CPU.Build.0 = Release|Any CPU
	EndGlobalSection
	GlobalSection(SolutionProperties) = preSolution
		HideSolutionNode = FALSE
	EndGlobalSection
	GlobalSection(ExtensibilityGlobals) = postSolution
		SolutionGuid = {52FCFDBB-19E2-4F59-B781-1329BC5DB211}
	EndGlobalSection
EndGlobal
